
Microsoft Visual Studio Solution File, Format Version 12.00
# Visual Studio 2013
VisualStudioVersion = 12.0.30501.0
MinimumVisualStudioVersion = 10.0.40219.1
Project("{FAE04EC0-301F-11D3-BF4B-00C04F79EFBC}") = "urbanbooks", "urbanbooks\urbanbooks.csproj", "{843AF83D-ECE8-43CE-AABE-D26FE35E4E8A}"
EndProject
Project("{FAE04EC0-301F-11D3-BF4B-00C04F79EFBC}") = "Data_Access", "Data_Access\Data_Access.csproj", "{8EBC53E8-302D-4A51-AE39-B1E4631CFB68}"
EndProject
Project("{FAE04EC0-301F-11D3-BF4B-00C04F79EFBC}") = "Business_Logic", "Business_Logic\Business_Logic.csproj", "{0253652F-4166-46C7-85B3-9A1679496603}"
EndProject
Project("{2150E333-8FDC-42A3-9474-1A3956D46DE8}") = "Solution Items", "Solution Items", "{18ACFE90-0269-49A7-ADB6-59759ABAACD7}"
	ProjectSection(SolutionItems) = preProject
		WebEssentials-Settings.json = WebEssentials-Settings.json
	EndProjectSection
EndProject
Global
	GlobalSection(SolutionConfigurationPlatforms) = preSolution
		Debug|Any CPU = Debug|Any CPU
		Release|Any CPU = Release|Any CPU
	EndGlobalSection
	GlobalSection(ProjectConfigurationPlatforms) = postSolution
		{843AF83D-ECE8-43CE-AABE-D26FE35E4E8A}.Debug|Any CPU.ActiveCfg = Debug|Any CPU
		{843AF83D-ECE8-43CE-AABE-D26FE35E4E8A}.Debug|Any CPU.Build.0 = Debug|Any CPU
		{843AF83D-ECE8-43CE-AABE-D26FE35E4E8A}.Release|Any CPU.ActiveCfg = Release|Any CPU
		{843AF83D-ECE8-43CE-AABE-D26FE35E4E8A}.Release|Any CPU.Build.0 = Release|Any CPU
		{8EBC53E8-302D-4A51-AE39-B1E4631CFB68}.Debug|Any CPU.ActiveCfg = Debug|Any CPU
		{8EBC53E8-302D-4A51-AE39-B1E4631CFB68}.Debug|Any CPU.Build.0 = Debug|Any CPU
		{8EBC53E8-302D-4A51-AE39-B1E4631CFB68}.Release|Any CPU.ActiveCfg = Release|Any CPU
		{8EBC53E8-302D-4A51-AE39-B1E4631CFB68}.Release|Any CPU.Build.0 = Release|Any CPU
		{0253652F-4166-46C7-85B3-9A1679496603}.Debug|Any CPU.ActiveCfg = Debug|Any CPU
		{0253652F-4166-46C7-85B3-9A1679496603}.Debug|Any CPU.Build.0 = Debug|Any CPU
		{0253652F-4166-46C7-85B3-9A1679496603}.Release|Any CPU.ActiveCfg = Release|Any CPU
		{0253652F-4166-46C7-85B3-9A1679496603}.Release|Any CPU.Build.0 = Release|Any CPU
	EndGlobalSection
	GlobalSection(SolutionProperties) = preSolution
		HideSolutionNode = FALSE
	EndGlobalSection
EndGlobal
